// !$*UTF8*$!
{
	archiveVersion = 1;
	classes = {
	};
	objectVersion = 46;
	objects = {

/* Begin PBXBuildFile section */
		0A1A182B1F09AE0500DB4DEE /* AppDelegate.swift in Sources */ = {isa = PBXBuildFile; fileRef = 0A1A182A1F09AE0500DB4DEE /* AppDelegate.swift */; };
		0A1A182D1F09AE0500DB4DEE /* InitialViewController.swift in Sources */ = {isa = PBXBuildFile; fileRef = 0A1A182C1F09AE0500DB4DEE /* InitialViewController.swift */; };
		0A1A18301F09AE0500DB4DEE /* Main.storyboard in Resources */ = {isa = PBXBuildFile; fileRef = 0A1A182E1F09AE0500DB4DEE /* Main.storyboard */; };
		0A1A18321F09AE0500DB4DEE /* Assets.xcassets in Resources */ = {isa = PBXBuildFile; fileRef = 0A1A18311F09AE0500DB4DEE /* Assets.xcassets */; };
		0A1A18351F09AE0500DB4DEE /* LaunchScreen.storyboard in Resources */ = {isa = PBXBuildFile; fileRef = 0A1A18331F09AE0500DB4DEE /* LaunchScreen.storyboard */; };
		0A1A18401F09AE0500DB4DEE /* TwitterTests.swift in Sources */ = {isa = PBXBuildFile; fileRef = 0A1A183F1F09AE0500DB4DEE /* TwitterTests.swift */; };
		0A1A184B1F09AE0500DB4DEE /* TwitterUITests.swift in Sources */ = {isa = PBXBuildFile; fileRef = 0A1A184A1F09AE0500DB4DEE /* TwitterUITests.swift */; };
		0A1A185A1F09CB4000DB4DEE /* LoginViewController.swift in Sources */ = {isa = PBXBuildFile; fileRef = 0A1A18591F09CB4000DB4DEE /* LoginViewController.swift */; };
		0A1A185C1F09CB5A00DB4DEE /* SignUpViewController.swift in Sources */ = {isa = PBXBuildFile; fileRef = 0A1A185B1F09CB5A00DB4DEE /* SignUpViewController.swift */; };
		2E72A3C1DC18195C07E38D96 /* Pods_Twitter.framework in Frameworks */ = {isa = PBXBuildFile; fileRef = 4051BB153CCFF12C6F6EE14F /* Pods_Twitter.framework */; };
		4179EA1D3C26E0725F393F7C /* Pods_TwitterTests.framework in Frameworks */ = {isa = PBXBuildFile; fileRef = 326FAE8D425B2718C8AFB42F /* Pods_TwitterTests.framework */; };
		7A281EE2F0FED60849417753 /* Pods_TwitterUITests.framework in Frameworks */ = {isa = PBXBuildFile; fileRef = 745B38B70DFC7AE1968A69EB /* Pods_TwitterUITests.framework */; };
/* End PBXBuildFile section */

/* Begin PBXContainerItemProxy section */
		0A1A183C1F09AE0500DB4DEE /* PBXContainerItemProxy */ = {
			isa = PBXContainerItemProxy;
			containerPortal = 0A1A181F1F09AE0400DB4DEE /* Project object */;
			proxyType = 1;
			remoteGlobalIDString = 0A1A18261F09AE0400DB4DEE;
			remoteInfo = Twitter;
		};
		0A1A18471F09AE0500DB4DEE /* PBXContainerItemProxy */ = {
			isa = PBXContainerItemProxy;
			containerPortal = 0A1A181F1F09AE0400DB4DEE /* Project object */;
			proxyType = 1;
			remoteGlobalIDString = 0A1A18261F09AE0400DB4DEE;
			remoteInfo = Twitter;
		};
/* End PBXContainerItemProxy section */

/* Begin PBXFileReference section */
		0A1A18271F09AE0500DB4DEE /* Twitter.app */ = {isa = PBXFileReference; explicitFileType = wrapper.application; includeInIndex = 0; path = Twitter.app; sourceTree = BUILT_PRODUCTS_DIR; };
		0A1A182A1F09AE0500DB4DEE /* AppDelegate.swift */ = {isa = PBXFileReference; lastKnownFileType = sourcecode.swift; path = AppDelegate.swift; sourceTree = "<group>"; };
		0A1A182C1F09AE0500DB4DEE /* InitialViewController.swift */ = {isa = PBXFileReference; lastKnownFileType = sourcecode.swift; path = InitialViewController.swift; sourceTree = "<group>"; };
		0A1A182F1F09AE0500DB4DEE /* Base */ = {isa = PBXFileReference; lastKnownFileType = file.storyboard; name = Base; path = Base.lproj/Main.storyboard; sourceTree = "<group>"; };
		0A1A18311F09AE0500DB4DEE /* Assets.xcassets */ = {isa = PBXFileReference; lastKnownFileType = folder.assetcatalog; path = Assets.xcassets; sourceTree = "<group>"; };
		0A1A18341F09AE0500DB4DEE /* Base */ = {isa = PBXFileReference; lastKnownFileType = file.storyboard; name = Base; path = Base.lproj/LaunchScreen.storyboard; sourceTree = "<group>"; };
		0A1A18361F09AE0500DB4DEE /* Info.plist */ = {isa = PBXFileReference; lastKnownFileType = text.plist.xml; path = Info.plist; sourceTree = "<group>"; };
		0A1A183B1F09AE0500DB4DEE /* TwitterTests.xctest */ = {isa = PBXFileReference; explicitFileType = wrapper.cfbundle; includeInIndex = 0; path = TwitterTests.xctest; sourceTree = BUILT_PRODUCTS_DIR; };
		0A1A183F1F09AE0500DB4DEE /* TwitterTests.swift */ = {isa = PBXFileReference; lastKnownFileType = sourcecode.swift; path = TwitterTests.swift; sourceTree = "<group>"; };
		0A1A18411F09AE0500DB4DEE /* Info.plist */ = {isa = PBXFileReference; lastKnownFileType = text.plist.xml; path = Info.plist; sourceTree = "<group>"; };
		0A1A18461F09AE0500DB4DEE /* TwitterUITests.xctest */ = {isa = PBXFileReference; explicitFileType = wrapper.cfbundle; includeInIndex = 0; path = TwitterUITests.xctest; sourceTree = BUILT_PRODUCTS_DIR; };
		0A1A184A1F09AE0500DB4DEE /* TwitterUITests.swift */ = {isa = PBXFileReference; lastKnownFileType = sourcecode.swift; path = TwitterUITests.swift; sourceTree = "<group>"; };
		0A1A184C1F09AE0500DB4DEE /* Info.plist */ = {isa = PBXFileReference; lastKnownFileType = text.plist.xml; path = Info.plist; sourceTree = "<group>"; };
		0A1A18591F09CB4000DB4DEE /* LoginViewController.swift */ = {isa = PBXFileReference; fileEncoding = 4; lastKnownFileType = sourcecode.swift; path = LoginViewController.swift; sourceTree = "<group>"; };
		0A1A185B1F09CB5A00DB4DEE /* SignUpViewController.swift */ = {isa = PBXFileReference; fileEncoding = 4; lastKnownFileType = sourcecode.swift; path = SignUpViewController.swift; sourceTree = "<group>"; };
		326FAE8D425B2718C8AFB42F /* Pods_TwitterTests.framework */ = {isa = PBXFileReference; explicitFileType = wrapper.framework; includeInIndex = 0; path = Pods_TwitterTests.framework; sourceTree = BUILT_PRODUCTS_DIR; };
		39AD708260084C900907AD65 /* Pods-TwitterUITests.debug.xcconfig */ = {isa = PBXFileReference; includeInIndex = 1; lastKnownFileType = text.xcconfig; name = "Pods-TwitterUITests.debug.xcconfig"; path = "Pods/Target Support Files/Pods-TwitterUITests/Pods-TwitterUITests.debug.xcconfig"; sourceTree = "<group>"; };
		4051BB153CCFF12C6F6EE14F /* Pods_Twitter.framework */ = {isa = PBXFileReference; explicitFileType = wrapper.framework; includeInIndex = 0; path = Pods_Twitter.framework; sourceTree = BUILT_PRODUCTS_DIR; };
		4C07E1630CA499DDDEF5200C /* Pods-TwitterTests.release.xcconfig */ = {isa = PBXFileReference; includeInIndex = 1; lastKnownFileType = text.xcconfig; name = "Pods-TwitterTests.release.xcconfig"; path = "Pods/Target Support Files/Pods-TwitterTests/Pods-TwitterTests.release.xcconfig"; sourceTree = "<group>"; };
		745B38B70DFC7AE1968A69EB /* Pods_TwitterUITests.framework */ = {isa = PBXFileReference; explicitFileType = wrapper.framework; includeInIndex = 0; path = Pods_TwitterUITests.framework; sourceTree = BUILT_PRODUCTS_DIR; };
		91134539F8A5E08005AA1CB0 /* Pods-TwitterTests.debug.xcconfig */ = {isa = PBXFileReference; includeInIndex = 1; lastKnownFileType = text.xcconfig; name = "Pods-TwitterTests.debug.xcconfig"; path = "Pods/Target Support Files/Pods-TwitterTests/Pods-TwitterTests.debug.xcconfig"; sourceTree = "<group>"; };
		9DA6EA53781680AA93EBFB19 /* Pods-TwitterUITests.release.xcconfig */ = {isa = PBXFileReference; includeInIndex = 1; lastKnownFileType = text.xcconfig; name = "Pods-TwitterUITests.release.xcconfig"; path = "Pods/Target Support Files/Pods-TwitterUITests/Pods-TwitterUITests.release.xcconfig"; sourceTree = "<group>"; };
		C09E04C84F897793E05DC906 /* Pods-Twitter.release.xcconfig */ = {isa = PBXFileReference; includeInIndex = 1; lastKnownFileType = text.xcconfig; name = "Pods-Twitter.release.xcconfig"; path = "Pods/Target Support Files/Pods-Twitter/Pods-Twitter.release.xcconfig"; sourceTree = "<group>"; };
		D1DD74BD79CB3ADF3C08262B /* Pods-Twitter.debug.xcconfig */ = {isa = PBXFileReference; includeInIndex = 1; lastKnownFileType = text.xcconfig; name = "Pods-Twitter.debug.xcconfig"; path = "Pods/Target Support Files/Pods-Twitter/Pods-Twitter.debug.xcconfig"; sourceTree = "<group>"; };
/* End PBXFileReference section */

/* Begin PBXFrameworksBuildPhase section */
		0A1A18241F09AE0400DB4DEE /* Frameworks */ = {
			isa = PBXFrameworksBuildPhase;
			buildActionMask = 2147483647;
			files = (
				2E72A3C1DC18195C07E38D96 /* Pods_Twitter.framework in Frameworks */,
			);
			runOnlyForDeploymentPostprocessing = 0;
		};
		0A1A18381F09AE0500DB4DEE /* Frameworks */ = {
			isa = PBXFrameworksBuildPhase;
			buildActionMask = 2147483647;
			files = (
				4179EA1D3C26E0725F393F7C /* Pods_TwitterTests.framework in Frameworks */,
			);
			runOnlyForDeploymentPostprocessing = 0;
		};
		0A1A18431F09AE0500DB4DEE /* Frameworks */ = {
			isa = PBXFrameworksBuildPhase;
			buildActionMask = 2147483647;
			files = (
				7A281EE2F0FED60849417753 /* Pods_TwitterUITests.framework in Frameworks */,
			);
			runOnlyForDeploymentPostprocessing = 0;
		};
/* End PBXFrameworksBuildPhase section */

/* Begin PBXGroup section */
		0A1A181E1F09AE0400DB4DEE = {
			isa = PBXGroup;
			children = (
				0A1A18291F09AE0500DB4DEE /* Twitter */,
				0A1A183E1F09AE0500DB4DEE /* TwitterTests */,
				0A1A18491F09AE0500DB4DEE /* TwitterUITests */,
				0A1A18281F09AE0500DB4DEE /* Products */,
				718BA2139305D3F275382457 /* Pods */,
				412739762162283B0CFBE416 /* Frameworks */,
			);
			sourceTree = "<group>";
		};
		0A1A18281F09AE0500DB4DEE /* Products */ = {
			isa = PBXGroup;
			children = (
				0A1A18271F09AE0500DB4DEE /* Twitter.app */,
				0A1A183B1F09AE0500DB4DEE /* TwitterTests.xctest */,
				0A1A18461F09AE0500DB4DEE /* TwitterUITests.xctest */,
			);
			name = Products;
			sourceTree = "<group>";
		};
		0A1A18291F09AE0500DB4DEE /* Twitter */ = {
			isa = PBXGroup;
			children = (
				0A1A18581F09CB2400DB4DEE /* View Controllers */,
				0A1A182A1F09AE0500DB4DEE /* AppDelegate.swift */,
				0A1A182E1F09AE0500DB4DEE /* Main.storyboard */,
				0A1A18311F09AE0500DB4DEE /* Assets.xcassets */,
				0A1A18331F09AE0500DB4DEE /* LaunchScreen.storyboard */,
				0A1A18361F09AE0500DB4DEE /* Info.plist */,
			);
			path = Twitter;
			sourceTree = "<group>";
		};
		0A1A183E1F09AE0500DB4DEE /* TwitterTests */ = {
			isa = PBXGroup;
			children = (
				0A1A183F1F09AE0500DB4DEE /* TwitterTests.swift */,
				0A1A18411F09AE0500DB4DEE /* Info.plist */,
			);
			path = TwitterTests;
			sourceTree = "<group>";
		};
		0A1A18491F09AE0500DB4DEE /* TwitterUITests */ = {
			isa = PBXGroup;
			children = (
				0A1A184A1F09AE0500DB4DEE /* TwitterUITests.swift */,
				0A1A184C1F09AE0500DB4DEE /* Info.plist */,
			);
			path = TwitterUITests;
			sourceTree = "<group>";
		};
		0A1A18581F09CB2400DB4DEE /* View Controllers */ = {
			isa = PBXGroup;
			children = (
				0A1A182C1F09AE0500DB4DEE /* InitialViewController.swift */,
				0A1A18591F09CB4000DB4DEE /* LoginViewController.swift */,
				0A1A185B1F09CB5A00DB4DEE /* SignUpViewController.swift */,
			);
			name = "View Controllers";
			sourceTree = "<group>";
		};
		412739762162283B0CFBE416 /* Frameworks */ = {
			isa = PBXGroup;
			children = (
				4051BB153CCFF12C6F6EE14F /* Pods_Twitter.framework */,
				326FAE8D425B2718C8AFB42F /* Pods_TwitterTests.framework */,
				745B38B70DFC7AE1968A69EB /* Pods_TwitterUITests.framework */,
			);
			name = Frameworks;
			sourceTree = "<group>";
		};
		718BA2139305D3F275382457 /* Pods */ = {
			isa = PBXGroup;
			children = (
				D1DD74BD79CB3ADF3C08262B /* Pods-Twitter.debug.xcconfig */,
				C09E04C84F897793E05DC906 /* Pods-Twitter.release.xcconfig */,
				91134539F8A5E08005AA1CB0 /* Pods-TwitterTests.debug.xcconfig */,
				4C07E1630CA499DDDEF5200C /* Pods-TwitterTests.release.xcconfig */,
				39AD708260084C900907AD65 /* Pods-TwitterUITests.debug.xcconfig */,
				9DA6EA53781680AA93EBFB19 /* Pods-TwitterUITests.release.xcconfig */,
			);
			name = Pods;
			sourceTree = "<group>";
		};
/* End PBXGroup section */

/* Begin PBXNativeTarget section */
		0A1A18261F09AE0400DB4DEE /* Twitter */ = {
			isa = PBXNativeTarget;
			buildConfigurationList = 0A1A184F1F09AE0500DB4DEE /* Build configuration list for PBXNativeTarget "Twitter" */;
			buildPhases = (
				57F7068D52BA15A1A732AE8D /* [CP] Check Pods Manifest.lock */,
				0A1A18231F09AE0400DB4DEE /* Sources */,
				0A1A18241F09AE0400DB4DEE /* Frameworks */,
				0A1A18251F09AE0400DB4DEE /* Resources */,
				ECCB282CB32FE2AF5C6C6E75 /* [CP] Embed Pods Frameworks */,
				CC17447A5F3E756073E6874C /* [CP] Copy Pods Resources */,
			);
			buildRules = (
			);
			dependencies = (
			);
			name = Twitter;
			productName = Twitter;
			productReference = 0A1A18271F09AE0500DB4DEE /* Twitter.app */;
			productType = "com.apple.product-type.application";
		};
		0A1A183A1F09AE0500DB4DEE /* TwitterTests */ = {
			isa = PBXNativeTarget;
			buildConfigurationList = 0A1A18521F09AE0500DB4DEE /* Build configuration list for PBXNativeTarget "TwitterTests" */;
			buildPhases = (
				B7FF618DC3E81223E85E923B /* [CP] Check Pods Manifest.lock */,
				0A1A18371F09AE0500DB4DEE /* Sources */,
				0A1A18381F09AE0500DB4DEE /* Frameworks */,
				0A1A18391F09AE0500DB4DEE /* Resources */,
				B0FBF1777F65AA95DEC5F500 /* [CP] Embed Pods Frameworks */,
				EE767EB9CAB5F0AF54965140 /* [CP] Copy Pods Resources */,
			);
			buildRules = (
			);
			dependencies = (
				0A1A183D1F09AE0500DB4DEE /* PBXTargetDependency */,
			);
			name = TwitterTests;
			productName = TwitterTests;
			productReference = 0A1A183B1F09AE0500DB4DEE /* TwitterTests.xctest */;
			productType = "com.apple.product-type.bundle.unit-test";
		};
		0A1A18451F09AE0500DB4DEE /* TwitterUITests */ = {
			isa = PBXNativeTarget;
			buildConfigurationList = 0A1A18551F09AE0500DB4DEE /* Build configuration list for PBXNativeTarget "TwitterUITests" */;
			buildPhases = (
				B9E6970DB17653F0F9154A29 /* [CP] Check Pods Manifest.lock */,
				0A1A18421F09AE0500DB4DEE /* Sources */,
				0A1A18431F09AE0500DB4DEE /* Frameworks */,
				0A1A18441F09AE0500DB4DEE /* Resources */,
				50463B47DBAFE90C71EFE324 /* [CP] Embed Pods Frameworks */,
				F519EA051DD6FC0F075FD490 /* [CP] Copy Pods Resources */,
			);
			buildRules = (
			);
			dependencies = (
				0A1A18481F09AE0500DB4DEE /* PBXTargetDependency */,
			);
			name = TwitterUITests;
			productName = TwitterUITests;
			productReference = 0A1A18461F09AE0500DB4DEE /* TwitterUITests.xctest */;
			productType = "com.apple.product-type.bundle.ui-testing";
		};
/* End PBXNativeTarget section */

/* Begin PBXProject section */
		0A1A181F1F09AE0400DB4DEE /* Project object */ = {
			isa = PBXProject;
			attributes = {
				LastSwiftUpdateCheck = 0830;
				LastUpgradeCheck = 0830;
				ORGANIZATIONNAME = "Xiuya Yao";
				TargetAttributes = {
					0A1A18261F09AE0400DB4DEE = {
						CreatedOnToolsVersion = 8.3.2;
						DevelopmentTeam = LZJYLDRCS5;
						ProvisioningStyle = Automatic;
					};
					0A1A183A1F09AE0500DB4DEE = {
						CreatedOnToolsVersion = 8.3.2;
						ProvisioningStyle = Automatic;
						TestTargetID = 0A1A18261F09AE0400DB4DEE;
					};
					0A1A18451F09AE0500DB4DEE = {
						CreatedOnToolsVersion = 8.3.2;
						ProvisioningStyle = Automatic;
						TestTargetID = 0A1A18261F09AE0400DB4DEE;
					};
				};
			};
			buildConfigurationList = 0A1A18221F09AE0400DB4DEE /* Build configuration list for PBXProject "Twitter" */;
			compatibilityVersion = "Xcode 3.2";
			developmentRegion = English;
			hasScannedForEncodings = 0;
			knownRegions = (
				en,
				Base,
			);
			mainGroup = 0A1A181E1F09AE0400DB4DEE;
			productRefGroup = 0A1A18281F09AE0500DB4DEE /* Products */;
			projectDirPath = "";
			projectRoot = "";
			targets = (
				0A1A18261F09AE0400DB4DEE /* Twitter */,
				0A1A183A1F09AE0500DB4DEE /* TwitterTests */,
				0A1A18451F09AE0500DB4DEE /* TwitterUITests */,
			);
		};
/* End PBXProject section */

/* Begin PBXResourcesBuildPhase section */
		0A1A18251F09AE0400DB4DEE /* Resources */ = {
			isa = PBXResourcesBuildPhase;
			buildActionMask = 2147483647;
			files = (
				0A1A18351F09AE0500DB4DEE /* LaunchScreen.storyboard in Resources */,
				0A1A18321F09AE0500DB4DEE /* Assets.xcassets in Resources */,
				0A1A18301F09AE0500DB4DEE /* Main.storyboard in Resources */,
			);
			runOnlyForDeploymentPostprocessing = 0;
		};
		0A1A18391F09AE0500DB4DEE /* Resources */ = {
			isa = PBXResourcesBuildPhase;
			buildActionMask = 2147483647;
			files = (
			);
			runOnlyForDeploymentPostprocessing = 0;
		};
		0A1A18441F09AE0500DB4DEE /* Resources */ = {
			isa = PBXResourcesBuildPhase;
			buildActionMask = 2147483647;
			files = (
			);
			runOnlyForDeploymentPostprocessing = 0;
		};
/* End PBXResourcesBuildPhase section */

/* Begin PBXShellScriptBuildPhase section */
		50463B47DBAFE90C71EFE324 /* [CP] Embed Pods Frameworks */ = {
			isa = PBXShellScriptBuildPhase;
			buildActionMask = 2147483647;
			files = (
			);
			inputPaths = (
			);
			name = "[CP] Embed Pods Frameworks";
			outputPaths = (
			);
			runOnlyForDeploymentPostprocessing = 0;
			shellPath = /bin/sh;
			shellScript = "\"${SRCROOT}/Pods/Target Support Files/Pods-TwitterUITests/Pods-TwitterUITests-frameworks.sh\"\n";
			showEnvVarsInLog = 0;
		};
		57F7068D52BA15A1A732AE8D /* [CP] Check Pods Manifest.lock */ = {
			isa = PBXShellScriptBuildPhase;
			buildActionMask = 2147483647;
			files = (
			);
			inputPaths = (
			);
			name = "[CP] Check Pods Manifest.lock";
			outputPaths = (
			);
			runOnlyForDeploymentPostprocessing = 0;
			shellPath = /bin/sh;
			shellScript = "diff \"${PODS_PODFILE_DIR_PATH}/Podfile.lock\" \"${PODS_ROOT}/Manifest.lock\" > /dev/null\nif [ $? != 0 ] ; then\n    # print error to STDERR\n    echo \"error: The sandbox is not in sync with the Podfile.lock. Run 'pod install' or update your CocoaPods installation.\" >&2\n    exit 1\nfi\n";
			showEnvVarsInLog = 0;
		};
		B0FBF1777F65AA95DEC5F500 /* [CP] Embed Pods Frameworks */ = {
			isa = PBXShellScriptBuildPhase;
			buildActionMask = 2147483647;
			files = (
			);
			inputPaths = (
			);
			name = "[CP] Embed Pods Frameworks";
			outputPaths = (
			);
			runOnlyForDeploymentPostprocessing = 0;
			shellPath = /bin/sh;
			shellScript = "\"${SRCROOT}/Pods/Target Support Files/Pods-TwitterTests/Pods-TwitterTests-frameworks.sh\"\n";
			showEnvVarsInLog = 0;
		};
		B7FF618DC3E81223E85E923B /* [CP] Check Pods Manifest.lock */ = {
			isa = PBXShellScriptBuildPhase;
			buildActionMask = 2147483647;
			files = (
			);
			inputPaths = (
			);
			name = "[CP] Check Pods Manifest.lock";
			outputPaths = (
			);
			runOnlyForDeploymentPostprocessing = 0;
			shellPath = /bin/sh;
			shellScript = "diff \"${PODS_PODFILE_DIR_PATH}/Podfile.lock\" \"${PODS_ROOT}/Manifest.lock\" > /dev/null\nif [ $? != 0 ] ; then\n    # print error to STDERR\n    echo \"error: The sandbox is not in sync with the Podfile.lock. Run 'pod install' or update your CocoaPods installation.\" >&2\n    exit 1\nfi\n";
			showEnvVarsInLog = 0;
		};
		B9E6970DB17653F0F9154A29 /* [CP] Check Pods Manifest.lock */ = {
			isa = PBXShellScriptBuildPhase;
			buildActionMask = 2147483647;
			files = (
			);
			inputPaths = (
			);
			name = "[CP] Check Pods Manifest.lock";
			outputPaths = (
			);
			runOnlyForDeploymentPostprocessing = 0;
			shellPath = /bin/sh;
			shellScript = "diff \"${PODS_PODFILE_DIR_PATH}/Podfile.lock\" \"${PODS_ROOT}/Manifest.lock\" > /dev/null\nif [ $? != 0 ] ; then\n    # print error to STDERR\n    echo \"error: The sandbox is not in sync with the Podfile.lock. Run 'pod install' or update your CocoaPods installation.\" >&2\n    exit 1\nfi\n";
			showEnvVarsInLog = 0;
		};
		CC17447A5F3E756073E6874C /* [CP] Copy Pods Resources */ = {
			isa = PBXShellScriptBuildPhase;
			buildActionMask = 2147483647;
			files = (
			);
			inputPaths = (
			);
			name = "[CP] Copy Pods Resources";
			outputPaths = (
			);
			runOnlyForDeploymentPostprocessing = 0;
			shellPath = /bin/sh;
			shellScript = "\"${SRCROOT}/Pods/Target Support Files/Pods-Twitter/Pods-Twitter-resources.sh\"\n";
			showEnvVarsInLog = 0;
		};
		ECCB282CB32FE2AF5C6C6E75 /* [CP] Embed Pods Frameworks */ = {
			isa = PBXShellScriptBuildPhase;
			buildActionMask = 2147483647;
			files = (
			);
			inputPaths = (
			);
			name = "[CP] Embed Pods Frameworks";
			outputPaths = (
			);
			runOnlyForDeploymentPostprocessing = 0;
			shellPath = /bin/sh;
			shellScript = "\"${SRCROOT}/Pods/Target Support Files/Pods-Twitter/Pods-Twitter-frameworks.sh\"\n";
			showEnvVarsInLog = 0;
		};
		EE767EB9CAB5F0AF54965140 /* [CP] Copy Pods Resources */ = {
			isa = PBXShellScriptBuildPhase;
			buildActionMask = 2147483647;
			files = (
			);
			inputPaths = (
			);
			name = "[CP] Copy Pods Resources";
			outputPaths = (
			);
			runOnlyForDeploymentPostprocessing = 0;
			shellPath = /bin/sh;
			shellScript = "\"${SRCROOT}/Pods/Target Support Files/Pods-TwitterTests/Pods-TwitterTests-resources.sh\"\n";
			showEnvVarsInLog = 0;
		};
		F519EA051DD6FC0F075FD490 /* [CP] Copy Pods Resources */ = {
			isa = PBXShellScriptBuildPhase;
			buildActionMask = 2147483647;
			files = (
			);
			inputPaths = (
			);
			name = "[CP] Copy Pods Resources";
			outputPaths = (
			);
			runOnlyForDeploymentPostprocessing = 0;
			shellPath = /bin/sh;
			shellScript = "\"${SRCROOT}/Pods/Target Support Files/Pods-TwitterUITests/Pods-TwitterUITests-resources.sh\"\n";
			showEnvVarsInLog = 0;
		};
/* End PBXShellScriptBuildPhase section */

/* Begin PBXSourcesBuildPhase section */
		0A1A18231F09AE0400DB4DEE /* Sources */ = {
			isa = PBXSourcesBuildPhase;
			buildActionMask = 2147483647;
			files = (
				0A1A185A1F09CB4000DB4DEE /* LoginViewController.swift in Sources */,
				0A1A182D1F09AE0500DB4DEE /* InitialViewController.swift in Sources */,
				0A1A185C1F09CB5A00DB4DEE /* SignUpViewController.swift in Sources */,
				0A1A182B1F09AE0500DB4DEE /* AppDelegate.swift in Sources */,
			);
			runOnlyForDeploymentPostprocessing = 0;
		};
		0A1A18371F09AE0500DB4DEE /* Sources */ = {
			isa = PBXSourcesBuildPhase;
			buildActionMask = 2147483647;
			files = (
				0A1A18401F09AE0500DB4DEE /* TwitterTests.swift in Sources */,
			);
			runOnlyForDeploymentPostprocessing = 0;
		};
		0A1A18421F09AE0500DB4DEE /* Sources */ = {
			isa = PBXSourcesBuildPhase;
			buildActionMask = 2147483647;
			files = (
				0A1A184B1F09AE0500DB4DEE /* TwitterUITests.swift in Sources */,
			);
			runOnlyForDeploymentPostprocessing = 0;
		};
/* End PBXSourcesBuildPhase section */

/* Begin PBXTargetDependency section */
		0A1A183D1F09AE0500DB4DEE /* PBXTargetDependency */ = {
			isa = PBXTargetDependency;
			target = 0A1A18261F09AE0400DB4DEE /* Twitter */;
			targetProxy = 0A1A183C1F09AE0500DB4DEE /* PBXContainerItemProxy */;
		};
		0A1A18481F09AE0500DB4DEE /* PBXTargetDependency */ = {
			isa = PBXTargetDependency;
			target = 0A1A18261F09AE0400DB4DEE /* Twitter */;
			targetProxy = 0A1A18471F09AE0500DB4DEE /* PBXContainerItemProxy */;
		};
/* End PBXTargetDependency section */

/* Begin PBXVariantGroup section */
		0A1A182E1F09AE0500DB4DEE /* Main.storyboard */ = {
			isa = PBXVariantGroup;
			children = (
				0A1A182F1F09AE0500DB4DEE /* Base */,
			);
			name = Main.storyboard;
			sourceTree = "<group>";
		};
		0A1A18331F09AE0500DB4DEE /* LaunchScreen.storyboard */ = {
			isa = PBXVariantGroup;
			children = (
				0A1A18341F09AE0500DB4DEE /* Base */,
			);
			name = LaunchScreen.storyboard;
			sourceTree = "<group>";
		};
/* End PBXVariantGroup section */

/* Begin XCBuildConfiguration section */
		0A1A184D1F09AE0500DB4DEE /* Debug */ = {
			isa = XCBuildConfiguration;
			buildSettings = {
				ALWAYS_SEARCH_USER_PATHS = NO;
				CLANG_ANALYZER_NONNULL = YES;
				CLANG_ANALYZER_NUMBER_OBJECT_CONVERSION = YES_AGGRESSIVE;
				CLANG_CXX_LANGUAGE_STANDARD = "gnu++0x";
				CLANG_CXX_LIBRARY = "libc++";
				CLANG_ENABLE_MODULES = YES;
				CLANG_ENABLE_OBJC_ARC = YES;
				CLANG_WARN_BOOL_CONVERSION = YES;
				CLANG_WARN_CONSTANT_CONVERSION = YES;
				CLANG_WARN_DIRECT_OBJC_ISA_USAGE = YES_ERROR;
				CLANG_WARN_DOCUMENTATION_COMMENTS = YES;
				CLANG_WARN_EMPTY_BODY = YES;
				CLANG_WARN_ENUM_CONVERSION = YES;
				CLANG_WARN_INFINITE_RECURSION = YES;
				CLANG_WARN_INT_CONVERSION = YES;
				CLANG_WARN_OBJC_ROOT_CLASS = YES_ERROR;
				CLANG_WARN_SUSPICIOUS_MOVE = YES;
				CLANG_WARN_UNREACHABLE_CODE = YES;
				CLANG_WARN__DUPLICATE_METHOD_MATCH = YES;
				"CODE_SIGN_IDENTITY[sdk=iphoneos*]" = "iPhone Developer";
				COPY_PHASE_STRIP = NO;
				DEBUG_INFORMATION_FORMAT = dwarf;
				ENABLE_STRICT_OBJC_MSGSEND = YES;
				ENABLE_TESTABILITY = YES;
				GCC_C_LANGUAGE_STANDARD = gnu99;
				GCC_DYNAMIC_NO_PIC = NO;
				GCC_NO_COMMON_BLOCKS = YES;
				GCC_OPTIMIZATION_LEVEL = 0;
				GCC_PREPROCESSOR_DEFINITIONS = (
					"DEBUG=1",
					"$(inherited)",
				);
				GCC_WARN_64_TO_32_BIT_CONVERSION = YES;
				GCC_WARN_ABOUT_RETURN_TYPE = YES_ERROR;
				GCC_WARN_UNDECLARED_SELECTOR = YES;
				GCC_WARN_UNINITIALIZED_AUTOS = YES_AGGRESSIVE;
				GCC_WARN_UNUSED_FUNCTION = YES;
				GCC_WARN_UNUSED_VARIABLE = YES;
				IPHONEOS_DEPLOYMENT_TARGET = 10.3;
				MTL_ENABLE_DEBUG_INFO = YES;
				ONLY_ACTIVE_ARCH = YES;
				SDKROOT = iphoneos;
				SWIFT_ACTIVE_COMPILATION_CONDITIONS = DEBUG;
				SWIFT_OPTIMIZATION_LEVEL = "-Onone";
			};
			name = Debug;
		};
		0A1A184E1F09AE0500DB4DEE /* Release */ = {
			isa = XCBuildConfiguration;
			buildSettings = {
				ALWAYS_SEARCH_USER_PATHS = NO;
				CLANG_ANALYZER_NONNULL = YES;
				CLANG_ANALYZER_NUMBER_OBJECT_CONVERSION = YES_AGGRESSIVE;
				CLANG_CXX_LANGUAGE_STANDARD = "gnu++0x";
				CLANG_CXX_LIBRARY = "libc++";
				CLANG_ENABLE_MODULES = YES;
				CLANG_ENABLE_OBJC_ARC = YES;
				CLANG_WARN_BOOL_CONVERSION = YES;
				CLANG_WARN_CONSTANT_CONVERSION = YES;
				CLANG_WARN_DIRECT_OBJC_ISA_USAGE = YES_ERROR;
				CLANG_WARN_DOCUMENTATION_COMMENTS = YES;
				CLANG_WARN_EMPTY_BODY = YES;
				CLANG_WARN_ENUM_CONVERSION = YES;
				CLANG_WARN_INFINITE_RECURSION = YES;
				CLANG_WARN_INT_CONVERSION = YES;
				CLANG_WARN_OBJC_ROOT_CLASS = YES_ERROR;
				CLANG_WARN_SUSPICIOUS_MOVE = YES;
				CLANG_WARN_UNREACHABLE_CODE = YES;
				CLANG_WARN__DUPLICATE_METHOD_MATCH = YES;
				"CODE_SIGN_IDENTITY[sdk=iphoneos*]" = "iPhone Developer";
				COPY_PHASE_STRIP = NO;
				DEBUG_INFORMATION_FORMAT = "dwarf-with-dsym";
				ENABLE_NS_ASSERTIONS = NO;
				ENABLE_STRICT_OBJC_MSGSEND = YES;
				GCC_C_LANGUAGE_STANDARD = gnu99;
				GCC_NO_COMMON_BLOCKS = YES;
				GCC_WARN_64_TO_32_BIT_CONVERSION = YES;
				GCC_WARN_ABOUT_RETURN_TYPE = YES_ERROR;
				GCC_WARN_UNDECLARED_SELECTOR = YES;
				GCC_WARN_UNINITIALIZED_AUTOS = YES_AGGRESSIVE;
				GCC_WARN_UNUSED_FUNCTION = YES;
				GCC_WARN_UNUSED_VARIABLE = YES;
				IPHONEOS_DEPLOYMENT_TARGET = 10.3;
				MTL_ENABLE_DEBUG_INFO = NO;
				SDKROOT = iphoneos;
				SWIFT_OPTIMIZATION_LEVEL = "-Owholemodule";
				VALIDATE_PRODUCT = YES;
			};
			name = Release;
		};
		0A1A18501F09AE0500DB4DEE /* Debug */ = {
			isa = XCBuildConfiguration;
			baseConfigurationReference = D1DD74BD79CB3ADF3C08262B /* Pods-Twitter.debug.xcconfig */;
			buildSettings = {
				ASSETCATALOG_COMPILER_APPICON_NAME = AppIcon;
				DEVELOPMENT_TEAM = LZJYLDRCS5;
				INFOPLIST_FILE = Twitter/Info.plist;
				LD_RUNPATH_SEARCH_PATHS = "$(inherited) @executable_path/Frameworks";
				PRODUCT_BUNDLE_IDENTIFIER = com.XiuyaYao.Twitter;
				PRODUCT_NAME = "$(TARGET_NAME)";
				SWIFT_VERSION = 3.0;
			};
			name = Debug;
		};
		0A1A18511F09AE0500DB4DEE /* Release */ = {
			isa = XCBuildConfiguration;
			baseConfigurationReference = C09E04C84F897793E05DC906 /* Pods-Twitter.release.xcconfig */;
			buildSettings = {
				ASSETCATALOG_COMPILER_APPICON_NAME = AppIcon;
				DEVELOPMENT_TEAM = LZJYLDRCS5;
				INFOPLIST_FILE = Twitter/Info.plist;
				LD_RUNPATH_SEARCH_PATHS = "$(inherited) @executable_path/Frameworks";
				PRODUCT_BUNDLE_IDENTIFIER = com.XiuyaYao.Twitter;
				PRODUCT_NAME = "$(TARGET_NAME)";
				SWIFT_VERSION = 3.0;
			};
			name = Release;
		};
		0A1A18531F09AE0500DB4DEE /* Debug */ = {
			isa = XCBuildConfiguration;
			baseConfigurationReference = 91134539F8A5E08005AA1CB0 /* Pods-TwitterTests.debug.xcconfig */;
			buildSettings = {
				ALWAYS_EMBED_SWIFT_STANDARD_LIBRARIES = YES;
				BUNDLE_LOADER = "$(TEST_HOST)";
				INFOPLIST_FILE = TwitterTests/Info.plist;
				LD_RUNPATH_SEARCH_PATHS = "$(inherited) @executable_path/Frameworks @loader_path/Frameworks";
				PRODUCT_BUNDLE_IDENTIFIER = com.XiuyaYao.TwitterTests;
				PRODUCT_NAME = "$(TARGET_NAME)";
				SWIFT_VERSION = 3.0;
				TEST_HOST = "$(BUILT_PRODUCTS_DIR)/Twitter.app/Twitter";
			};
			name = Debug;
		};
		0A1A18541F09AE0500DB4DEE /* Release */ = {
			isa = XCBuildConfiguration;
			baseConfigurationReference = 4C07E1630CA499DDDEF5200C /* Pods-TwitterTests.release.xcconfig */;
			buildSettings = {
				ALWAYS_EMBED_SWIFT_STANDARD_LIBRARIES = YES;
				BUNDLE_LOADER = "$(TEST_HOST)";
				INFOPLIST_FILE = TwitterTests/Info.plist;
				LD_RUNPATH_SEARCH_PATHS = "$(inherited) @executable_path/Frameworks @loader_path/Frameworks";
				PRODUCT_BUNDLE_IDENTIFIER = com.XiuyaYao.TwitterTests;
				PRODUCT_NAME = "$(TARGET_NAME)";
				SWIFT_VERSION = 3.0;
				TEST_HOST = "$(BUILT_PRODUCTS_DIR)/Twitter.app/Twitter";
			};
			name = Release;
		};
		0A1A18561F09AE0500DB4DEE /* Debug */ = {
			isa = XCBuildConfiguration;
			baseConfigurationReference = 39AD708260084C900907AD65 /* Pods-TwitterUITests.debug.xcconfig */;
			buildSettings = {
				ALWAYS_EMBED_SWIFT_STANDARD_LIBRARIES = YES;
				INFOPLIST_FILE = TwitterUITests/Info.plist;
				LD_RUNPATH_SEARCH_PATHS = "$(inherited) @executable_path/Frameworks @loader_path/Frameworks";
				PRODUCT_BUNDLE_IDENTIFIER = com.XiuyaYao.TwitterUITests;
				PRODUCT_NAME = "$(TARGET_NAME)";
				SWIFT_VERSION = 3.0;
				TEST_TARGET_NAME = Twitter;
			};
			name = Debug;
		};
		0A1A18571F09AE0500DB4DEE /* Release */ = {
			isa = XCBuildConfiguration;
			baseConfigurationReference = 9DA6EA53781680AA93EBFB19 /* Pods-TwitterUITests.release.xcconfig */;
			buildSettings = {
				ALWAYS_EMBED_SWIFT_STANDARD_LIBRARIES = YES;
				INFOPLIST_FILE = TwitterUITests/Info.plist;
				LD_RUNPATH_SEARCH_PATHS = "$(inherited) @executable_path/Frameworks @loader_path/Frameworks";
				PRODUCT_BUNDLE_IDENTIFIER = com.XiuyaYao.TwitterUITests;
				PRODUCT_NAME = "$(TARGET_NAME)";
				SWIFT_VERSION = 3.0;
				TEST_TARGET_NAME = Twitter;
			};
			name = Release;
		};
/* End XCBuildConfiguration section */

/* Begin XCConfigurationList section */
		0A1A18221F09AE0400DB4DEE /* Build configuration list for PBXProject "Twitter" */ = {
			isa = XCConfigurationList;
			buildConfigurations = (
				0A1A184D1F09AE0500DB4DEE /* Debug */,
				0A1A184E1F09AE0500DB4DEE /* Release */,
			);
			defaultConfigurationIsVisible = 0;
			defaultConfigurationName = Release;
		};
		0A1A184F1F09AE0500DB4DEE /* Build configuration list for PBXNativeTarget "Twitter" */ = {
			isa = XCConfigurationList;
			buildConfigurations = (
				0A1A18501F09AE0500DB4DEE /* Debug */,
				0A1A18511F09AE0500DB4DEE /* Release */,
			);
			defaultConfigurationIsVisible = 0;
			defaultConfigurationName = Release;
		};
		0A1A18521F09AE0500DB4DEE /* Build configuration list for PBXNativeTarget "TwitterTests" */ = {
			isa = XCConfigurationList;
			buildConfigurations = (
				0A1A18531F09AE0500DB4DEE /* Debug */,
				0A1A18541F09AE0500DB4DEE /* Release */,
			);
			defaultConfigurationIsVisible = 0;
			defaultConfigurationName = Release;
		};
		0A1A18551F09AE0500DB4DEE /* Build configuration list for PBXNativeTarget "TwitterUITests" */ = {
			isa = XCConfigurationList;
			buildConfigurations = (
				0A1A18561F09AE0500DB4DEE /* Debug */,
				0A1A18571F09AE0500DB4DEE /* Release */,
			);
			defaultConfigurationIsVisible = 0;
			defaultConfigurationName = Release;
		};
/* End XCConfigurationList section */
	};
	rootObject = 0A1A181F1F09AE0400DB4DEE /* Project object */;
}
